
Microsoft Visual Studio Solution File, Format Version 12.00
# Visual Studio Version 17
VisualStudioVersion = 17.1.32414.318
MinimumVisualStudioVersion = 10.0.40219.1
Project("{9A19103F-16F7-4668-BE54-9A1E7A4F7556}") = "InMemoryApp", "InMemoryApp\InMemoryApp.csproj", "{868D448C-94A8-4299-AEFF-514C380FA6FF}"
EndProject
Project("{FAE04EC0-301F-11D3-BF4B-00C04F79EFBC}") = "IDisttributedCacheRedis", "IDisttributedCacheRedis\IDisttributedCacheRedis.csproj", "{36E835DB-D523-427E-B82D-0AC12EBF9F49}"
EndProject
Global
	GlobalSection(SolutionConfigurationPlatforms) = preSolution
		Debug|Any CPU = Debug|Any CPU
		Release|Any CPU = Release|Any CPU
	EndGlobalSection
	GlobalSection(ProjectConfigurationPlatforms) = postSolution
		{868D448C-94A8-4299-AEFF-514C380FA6FF}.Debug|Any CPU.ActiveCfg = Debug|Any CPU
		{868D448C-94A8-4299-AEFF-514C380FA6FF}.Debug|Any CPU.Build.0 = Debug|Any CPU
		{868D448C-94A8-4299-AEFF-514C380FA6FF}.Release|Any CPU.ActiveCfg = Release|Any CPU
		{868D448C-94A8-4299-AEFF-514C380FA6FF}.Release|Any CPU.Build.0 = Release|Any CPU
		{36E835DB-D523-427E-B82D-0AC12EBF9F49}.Debug|Any CPU.ActiveCfg = Debug|Any CPU
		{36E835DB-D523-427E-B82D-0AC12EBF9F49}.Debug|Any CPU.Build.0 = Debug|Any CPU
		{36E835DB-D523-427E-B82D-0AC12EBF9F49}.Release|Any CPU.ActiveCfg = Release|Any CPU
		{36E835DB-D523-427E-B82D-0AC12EBF9F49}.Release|Any CPU.Build.0 = Release|Any CPU
	EndGlobalSection
	GlobalSection(SolutionProperties) = preSolution
		HideSolutionNode = FALSE
	EndGlobalSection
	GlobalSection(ExtensibilityGlobals) = postSolution
		SolutionGuid = {CBC974F9-2D24-4636-B92C-AAB2AB336384}
	EndGlobalSection
EndGlobal
